
Microsoft Visual Studio Solution File, Format Version 12.00
# Visual Studio 15
VisualStudioVersion = 15.0.26430.16
MinimumVisualStudioVersion = 10.0.40219.1
Project("{D954291E-2A0B-460D-934E-DC6B0785DB48}") = "MovieBrowser", "MovieBrowser\MovieBrowser\MovieBrowser.shproj", "{2FDE4A21-2BCB-4057-9AAD-26DEF4AC2950}"
EndProject
Project("{FAE04EC0-301F-11D3-BF4B-00C04F79EFBC}") = "MovieBrowser.Android", "MovieBrowser\MovieBrowser.Android\MovieBrowser.Android.csproj", "{FB4EE671-E316-44C1-A8AA-3759509154A9}"
EndProject
Project("{FAE04EC0-301F-11D3-BF4B-00C04F79EFBC}") = "MovieBrowser.iOS", "MovieBrowser\MovieBrowser.iOS\MovieBrowser.iOS.csproj", "{20BD7B6E-CD9E-40BA-84D2-B2D99AE9F756}"
EndProject
Project("{FAE04EC0-301F-11D3-BF4B-00C04F79EFBC}") = "MovieBrowser.UWP", "MovieBrowser\MovieBrowser.UWP\MovieBrowser.UWP.csproj", "{DA450CE5-1A2C-45AA-A4DF-F05AF0297671}"
EndProject
Global
	GlobalSection(SharedMSBuildProjectFiles) = preSolution
		MovieBrowser\MovieBrowser\MovieBrowser.projitems*{20bd7b6e-cd9e-40ba-84d2-b2d99ae9f756}*SharedItemsImports = 4
		MovieBrowser\MovieBrowser\MovieBrowser.projitems*{2fde4a21-2bcb-4057-9aad-26def4ac2950}*SharedItemsImports = 13
		MovieBrowser\MovieBrowser\MovieBrowser.projitems*{da450ce5-1a2c-45aa-a4df-f05af0297671}*SharedItemsImports = 4
		MovieBrowser\MovieBrowser\MovieBrowser.projitems*{fb4ee671-e316-44c1-a8aa-3759509154a9}*SharedItemsImports = 4
	EndGlobalSection
	GlobalSection(SolutionConfigurationPlatforms) = preSolution
		Debug|Any CPU = Debug|Any CPU
		Debug|ARM = Debug|ARM
		Debug|iPhone = Debug|iPhone
		Debug|iPhoneSimulator = Debug|iPhoneSimulator
		Debug|x64 = Debug|x64
		Debug|x86 = Debug|x86
		Release|Any CPU = Release|Any CPU
		Release|ARM = Release|ARM
		Release|iPhone = Release|iPhone
		Release|iPhoneSimulator = Release|iPhoneSimulator
		Release|x64 = Release|x64
		Release|x86 = Release|x86
	EndGlobalSection
	GlobalSection(ProjectConfigurationPlatforms) = postSolution
		{FB4EE671-E316-44C1-A8AA-3759509154A9}.Debug|Any CPU.ActiveCfg = Debug|Any CPU
		{FB4EE671-E316-44C1-A8AA-3759509154A9}.Debug|Any CPU.Build.0 = Debug|Any CPU
		{FB4EE671-E316-44C1-A8AA-3759509154A9}.Debug|Any CPU.Deploy.0 = Debug|Any CPU
		{FB4EE671-E316-44C1-A8AA-3759509154A9}.Debug|ARM.ActiveCfg = Debug|Any CPU
		{FB4EE671-E316-44C1-A8AA-3759509154A9}.Debug|ARM.Build.0 = Debug|Any CPU
		{FB4EE671-E316-44C1-A8AA-3759509154A9}.Debug|ARM.Deploy.0 = Debug|Any CPU
		{FB4EE671-E316-44C1-A8AA-3759509154A9}.Debug|iPhone.ActiveCfg = Debug|Any CPU
		{FB4EE671-E316-44C1-A8AA-3759509154A9}.Debug|iPhone.Build.0 = Debug|Any CPU
		{FB4EE671-E316-44C1-A8AA-3759509154A9}.Debug|iPhone.Deploy.0 = Debug|Any CPU
		{FB4EE671-E316-44C1-A8AA-3759509154A9}.Debug|iPhoneSimulator.ActiveCfg = Debug|Any CPU
		{FB4EE671-E316-44C1-A8AA-3759509154A9}.Debug|iPhoneSimulator.Build.0 = Debug|Any CPU
		{FB4EE671-E316-44C1-A8AA-3759509154A9}.Debug|iPhoneSimulator.Deploy.0 = Debug|Any CPU
		{FB4EE671-E316-44C1-A8AA-3759509154A9}.Debug|x64.ActiveCfg = Debug|Any CPU
		{FB4EE671-E316-44C1-A8AA-3759509154A9}.Debug|x64.Build.0 = Debug|Any CPU
		{FB4EE671-E316-44C1-A8AA-3759509154A9}.Debug|x64.Deploy.0 = Debug|Any CPU
		{FB4EE671-E316-44C1-A8AA-3759509154A9}.Debug|x86.ActiveCfg = Debug|Any CPU
		{FB4EE671-E316-44C1-A8AA-3759509154A9}.Debug|x86.Build.0 = Debug|Any CPU
		{FB4EE671-E316-44C1-A8AA-3759509154A9}.Debug|x86.Deploy.0 = Debug|Any CPU
		{FB4EE671-E316-44C1-A8AA-3759509154A9}.Release|Any CPU.ActiveCfg = Release|Any CPU
		{FB4EE671-E316-44C1-A8AA-3759509154A9}.Release|Any CPU.Build.0 = Release|Any CPU
		{FB4EE671-E316-44C1-A8AA-3759509154A9}.Release|Any CPU.Deploy.0 = Release|Any CPU
		{FB4EE671-E316-44C1-A8AA-3759509154A9}.Release|ARM.ActiveCfg = Release|Any CPU
		{FB4EE671-E316-44C1-A8AA-3759509154A9}.Release|ARM.Build.0 = Release|Any CPU
		{FB4EE671-E316-44C1-A8AA-3759509154A9}.Release|ARM.Deploy.0 = Release|Any CPU
		{FB4EE671-E316-44C1-A8AA-3759509154A9}.Release|iPhone.ActiveCfg = Release|Any CPU
		{FB4EE671-E316-44C1-A8AA-3759509154A9}.Release|iPhone.Build.0 = Release|Any CPU
		{FB4EE671-E316-44C1-A8AA-3759509154A9}.Release|iPhone.Deploy.0 = Release|Any CPU
		{FB4EE671-E316-44C1-A8AA-3759509154A9}.Release|iPhoneSimulator.ActiveCfg = Release|Any CPU
		{FB4EE671-E316-44C1-A8AA-3759509154A9}.Release|iPhoneSimulator.Build.0 = Release|Any CPU
		{FB4EE671-E316-44C1-A8AA-3759509154A9}.Release|iPhoneSimulator.Deploy.0 = Release|Any CPU
		{FB4EE671-E316-44C1-A8AA-3759509154A9}.Release|x64.ActiveCfg = Release|Any CPU
		{FB4EE671-E316-44C1-A8AA-3759509154A9}.Release|x64.Build.0 = Release|Any CPU
		{FB4EE671-E316-44C1-A8AA-3759509154A9}.Release|x64.Deploy.0 = Release|Any CPU
		{FB4EE671-E316-44C1-A8AA-3759509154A9}.Release|x86.ActiveCfg = Release|Any CPU
		{FB4EE671-E316-44C1-A8AA-3759509154A9}.Release|x86.Build.0 = Release|Any CPU
		{FB4EE671-E316-44C1-A8AA-3759509154A9}.Release|x86.Deploy.0 = Release|Any CPU
		{20BD7B6E-CD9E-40BA-84D2-B2D99AE9F756}.Debug|Any CPU.ActiveCfg = Debug|iPhone
		{20BD7B6E-CD9E-40BA-84D2-B2D99AE9F756}.Debug|ARM.ActiveCfg = Debug|iPhone
		{20BD7B6E-CD9E-40BA-84D2-B2D99AE9F756}.Debug|iPhone.ActiveCfg = Debug|iPhone
		{20BD7B6E-CD9E-40BA-84D2-B2D99AE9F756}.Debug|iPhone.Build.0 = Debug|iPhone
		{20BD7B6E-CD9E-40BA-84D2-B2D99AE9F756}.Debug|iPhoneSimulator.ActiveCfg = Debug|iPhoneSimulator
		{20BD7B6E-CD9E-40BA-84D2-B2D99AE9F756}.Debug|iPhoneSimulator.Build.0 = Debug|iPhoneSimulator
		{20BD7B6E-CD9E-40BA-84D2-B2D99AE9F756}.Debug|x64.ActiveCfg = Debug|iPhone
		{20BD7B6E-CD9E-40BA-84D2-B2D99AE9F756}.Debug|x86.ActiveCfg = Debug|iPhone
		{20BD7B6E-CD9E-40BA-84D2-B2D99AE9F756}.Release|Any CPU.ActiveCfg = Release|iPhone
		{20BD7B6E-CD9E-40BA-84D2-B2D99AE9F756}.Release|ARM.ActiveCfg = Release|iPhone
		{20BD7B6E-CD9E-40BA-84D2-B2D99AE9F756}.Release|iPhone.ActiveCfg = Release|iPhone
		{20BD7B6E-CD9E-40BA-84D2-B2D99AE9F756}.Release|iPhone.Build.0 = Release|iPhone
		{20BD7B6E-CD9E-40BA-84D2-B2D99AE9F756}.Release|iPhoneSimulator.ActiveCfg = Release|iPhoneSimulator
		{20BD7B6E-CD9E-40BA-84D2-B2D99AE9F756}.Release|iPhoneSimulator.Build.0 = Release|iPhoneSimulator
		{20BD7B6E-CD9E-40BA-84D2-B2D99AE9F756}.Release|x64.ActiveCfg = Release|iPhone
		{20BD7B6E-CD9E-40BA-84D2-B2D99AE9F756}.Release|x86.ActiveCfg = Release|iPhone
		{DA450CE5-1A2C-45AA-A4DF-F05AF0297671}.Debug|Any CPU.ActiveCfg = Debug|x86
		{DA450CE5-1A2C-45AA-A4DF-F05AF0297671}.Debug|Any CPU.Build.0 = Debug|x86
		{DA450CE5-1A2C-45AA-A4DF-F05AF0297671}.Debug|Any CPU.Deploy.0 = Debug|x86
		{DA450CE5-1A2C-45AA-A4DF-F05AF0297671}.Debug|ARM.ActiveCfg = Debug|ARM
		{DA450CE5-1A2C-45AA-A4DF-F05AF0297671}.Debug|ARM.Build.0 = Debug|ARM
		{DA450CE5-1A2C-45AA-A4DF-F05AF0297671}.Debug|ARM.Deploy.0 = Debug|ARM
		{DA450CE5-1A2C-45AA-A4DF-F05AF0297671}.Debug|iPhone.ActiveCfg = Debug|x86
		{DA450CE5-1A2C-45AA-A4DF-F05AF0297671}.Debug|iPhoneSimulator.ActiveCfg = Debug|x86
		{DA450CE5-1A2C-45AA-A4DF-F05AF0297671}.Debug|x64.ActiveCfg = Debug|x64
		{DA450CE5-1A2C-45AA-A4DF-F05AF0297671}.Debug|x64.Build.0 = Debug|x64
		{DA450CE5-1A2C-45AA-A4DF-F05AF0297671}.Debug|x64.Deploy.0 = Debug|x64
		{DA450CE5-1A2C-45AA-A4DF-F05AF0297671}.Debug|x86.ActiveCfg = Debug|x86
		{DA450CE5-1A2C-45AA-A4DF-F05AF0297671}.Debug|x86.Build.0 = Debug|x86
		{DA450CE5-1A2C-45AA-A4DF-F05AF0297671}.Debug|x86.Deploy.0 = Debug|x86
		{DA450CE5-1A2C-45AA-A4DF-F05AF0297671}.Release|Any CPU.ActiveCfg = Release|x86
		{DA450CE5-1A2C-45AA-A4DF-F05AF0297671}.Release|ARM.ActiveCfg = Release|ARM
		{DA450CE5-1A2C-45AA-A4DF-F05AF0297671}.Release|ARM.Build.0 = Release|ARM
		{DA450CE5-1A2C-45AA-A4DF-F05AF0297671}.Release|ARM.Deploy.0 = Release|ARM
		{DA450CE5-1A2C-45AA-A4DF-F05AF0297671}.Release|iPhone.ActiveCfg = Release|x86
		{DA450CE5-1A2C-45AA-A4DF-F05AF0297671}.Release|iPhoneSimulator.ActiveCfg = Release|x86
		{DA450CE5-1A2C-45AA-A4DF-F05AF0297671}.Release|x64.ActiveCfg = Release|x64
		{DA450CE5-1A2C-45AA-A4DF-F05AF0297671}.Release|x64.Build.0 = Release|x64
		{DA450CE5-1A2C-45AA-A4DF-F05AF0297671}.Release|x64.Deploy.0 = Release|x64
		{DA450CE5-1A2C-45AA-A4DF-F05AF0297671}.Release|x86.ActiveCfg = Release|x86
		{DA450CE5-1A2C-45AA-A4DF-F05AF0297671}.Release|x86.Build.0 = Release|x86
		{DA450CE5-1A2C-45AA-A4DF-F05AF0297671}.Release|x86.Deploy.0 = Release|x86
	EndGlobalSection
	GlobalSection(SolutionProperties) = preSolution
		HideSolutionNode = FALSE
	EndGlobalSection
EndGlobal
